// !$*UTF8*$!
{
	archiveVersion = 1;
	classes = {
	};
	objectVersion = 77;
	objects = {

/* Begin PBXBuildFile section */
		1487ADC22F47B281009460B8 /* MLXLLM in Frameworks */ = {isa = PBXBuildFile; productRef = 1487ADC52F47B281009460B8 /* MLXLLM */; };
		1487ADC32F47B281009460B8 /* MLXEmbedders in Frameworks */ = {isa = PBXBuildFile; productRef = 1487ADC62F47B281009460B8 /* MLXEmbedders */; };
		1487ADC42F47B281009460B8 /* MLXLMCommon in Frameworks */ = {isa = PBXBuildFile; productRef = 1487ADC72F47B281009460B8 /* MLXLMCommon */; };
		1487ADED2F47B27E009460BA /* decodingOppressionTests/historical_clauses.jsonl in Resources */ = {isa = PBXBuildFile; fileRef = 1487ADED2F47B27E009460B9 /* decodingOppressionTests/historical_clauses.jsonl */; };
		B04D07D06C7E4B939E8B1002 /* ../../voice_pipeline/swift/EpisodeManifest.swift in Sources */ = {isa = PBXBuildFile; fileRef = B04D07D06C7E4B939E8B1001 /* ../../voice_pipeline/swift/EpisodeManifest.swift */; };
		FF60718293A1B2C3D4E5F609 /* decodingOppressionTests/HistoricalPolicyValidationTests.swift in Sources */ = {isa = PBXBuildFile; fileRef = FF60718293A1B2C3D4E5F608 /* decodingOppressionTests/HistoricalPolicyValidationTests.swift */; };
		FF60718293A1B2C3D4E5F610 /* decodingOppressionTests/validation_clauses.jsonl in Resources */ = {isa = PBXBuildFile; fileRef = 1487ADED2F47B27E009460BB /* decodingOppressionTests/validation_clauses.jsonl */; };
/* End PBXBuildFile section */

/* Begin PBXContainerItemProxy section */
		1487ADA42F47B280009460B8 /* PBXContainerItemProxy */ = {
			isa = PBXContainerItemProxy;
			containerPortal = 1487AD8A2F47B27E009460B8 /* Project object */;
			proxyType = 1;
			remoteGlobalIDString = 1487AD912F47B27E009460B8;
			remoteInfo = decodingOppression;
		};
		1487ADAE2F47B280009460B8 /* PBXContainerItemProxy */ = {
			isa = PBXContainerItemProxy;
			containerPortal = 1487AD8A2F47B27E009460B8 /* Project object */;
			proxyType = 1;
			remoteGlobalIDString = 1487AD912F47B27E009460B8;
			remoteInfo = decodingOppression;
		};
/* End PBXContainerItemProxy section */

/* Begin PBXFileReference section */
		1487AD922F47B27E009460B8 /* decodingOppression.app */ = {isa = PBXFileReference; explicitFileType = wrapper.application; includeInIndex = 0; path = decodingOppression.app; sourceTree = BUILT_PRODUCTS_DIR; };
		1487ADA32F47B280009460B8 /* decodingOppressionTests.xctest */ = {isa = PBXFileReference; explicitFileType = wrapper.cfbundle; includeInIndex = 0; path = decodingOppressionTests.xctest; sourceTree = BUILT_PRODUCTS_DIR; };
		1487ADAD2F47B280009460B8 /* decodingOppressionUITests.xctest */ = {isa = PBXFileReference; explicitFileType = wrapper.cfbundle; includeInIndex = 0; path = decodingOppressionUITests.xctest; sourceTree = BUILT_PRODUCTS_DIR; };
		1487ADE02F47B27E009460B8 /* decodingOppression/ContentView.swift */ = {isa = PBXFileReference; lastKnownFileType = sourcecode.swift; path = decodingOppression/ContentView.swift; sourceTree = "<group>"; };
		1487ADE12F47B27E009460B8 /* decodingOppression/decodingOppressionApp.swift */ = {isa = PBXFileReference; lastKnownFileType = sourcecode.swift; path = decodingOppression/decodingOppressionApp.swift; sourceTree = "<group>"; };
		1487ADE22F47B27E009460B8 /* decodingOppression/NLP/ClauseAnalyzer.swift */ = {isa = PBXFileReference; lastKnownFileType = sourcecode.swift; path = decodingOppression/NLP/ClauseAnalyzer.swift; sourceTree = "<group>"; };
		1487ADE32F47B27E009460B8 /* decodingOppression/NLP/KeywordEngine.swift */ = {isa = PBXFileReference; lastKnownFileType = sourcecode.swift; path = decodingOppression/NLP/KeywordEngine.swift; sourceTree = "<group>"; };
		1487ADE42F47B27E009460B8 /* decodingOppression/NLP/PDFExtractor.swift */ = {isa = PBXFileReference; lastKnownFileType = sourcecode.swift; path = decodingOppression/NLP/PDFExtractor.swift; sourceTree = "<group>"; };
		1487ADE52F47B27E009460B8 /* decodingOppression/NLP/TextPreprocessor.swift */ = {isa = PBXFileReference; lastKnownFileType = sourcecode.swift; path = decodingOppression/NLP/TextPreprocessor.swift; sourceTree = "<group>"; };
		1487ADE62F47B27E009460B8 /* decodingOppression/NLP/Tier1Engine.swift */ = {isa = PBXFileReference; lastKnownFileType = sourcecode.swift; path = decodingOppression/NLP/Tier1Engine.swift; sourceTree = "<group>"; };
		1487ADE72F47B27E009460B8 /* decodingOppression/Models/AnalyzedClause.swift */ = {isa = PBXFileReference; lastKnownFileType = sourcecode.swift; path = decodingOppression/Models/AnalyzedClause.swift; sourceTree = "<group>"; };
		1487ADE82F47B27E009460B8 /* decodingOppression/Models/GenerableTypes.swift */ = {isa = PBXFileReference; lastKnownFileType = sourcecode.swift; path = decodingOppression/Models/GenerableTypes.swift; sourceTree = "<group>"; };
		1487ADE92F47B27E009460B8 /* decodingOppression/Models/PipelineContracts.swift */ = {isa = PBXFileReference; lastKnownFileType = sourcecode.swift; path = decodingOppression/Models/PipelineContracts.swift; sourceTree = "<group>"; };
		1487ADEA2F47B27E009460B8 /* decodingOppression/Models/Policy.swift */ = {isa = PBXFileReference; lastKnownFileType = sourcecode.swift; path = decodingOppression/Models/Policy.swift; sourceTree = "<group>"; };
		1487ADEB2F47B27E009460B8 /* decodingOppression/Models/PolicyAnalysis.swift */ = {isa = PBXFileReference; lastKnownFileType = sourcecode.swift; path = decodingOppression/Models/PolicyAnalysis.swift; sourceTree = "<group>"; };
		1487ADEC2F47B27E009460B8 /* decodingOppression/Models/ScoreResult.swift */ = {isa = PBXFileReference; lastKnownFileType = sourcecode.swift; path = decodingOppression/Models/ScoreResult.swift; sourceTree = "<group>"; };
		1487ADED2F47B27E009460B8 /* decodingOppression/Data/KeywordTaxonomies.json */ = {isa = PBXFileReference; lastKnownFileType = text.json; path = decodingOppression/Data/KeywordTaxonomies.json; sourceTree = "<group>"; };
		1487ADED2F47B27E009460B9 /* decodingOppressionTests/historical_clauses.jsonl */ = {isa = PBXFileReference; lastKnownFileType = text; path = decodingOppressionTests/historical_clauses.jsonl; sourceTree = SOURCE_ROOT; };
		1487ADED2F47B27E009460BB /* decodingOppressionTests/validation_clauses.jsonl */ = {isa = PBXFileReference; lastKnownFileType = text; path = decodingOppressionTests/validation_clauses.jsonl; sourceTree = SOURCE_ROOT; };
		1487ADFD2F47B281009460B8 /* decodingOppression/Assets.xcassets */ = {isa = PBXFileReference; lastKnownFileType = folder.assetcatalog; path = decodingOppression/Assets.xcassets; sourceTree = "<group>"; };
		1487AE002F47B27E009460B8 /* MLXError.swift */ = {isa = PBXFileReference; lastKnownFileType = sourcecode.swift; path = MLXError.swift; sourceTree = "<group>"; };
		1487AE012F47B27E009460B8 /* ModelDownloadManager.swift */ = {isa = PBXFileReference; lastKnownFileType = sourcecode.swift; path = ModelDownloadManager.swift; sourceTree = "<group>"; };
		1487AE022F47B27E009460B8 /* MLXEmbeddingEngine.swift */ = {isa = PBXFileReference; lastKnownFileType = sourcecode.swift; path = MLXEmbeddingEngine.swift; sourceTree = "<group>"; };
		1487AE032F47B27E009460B8 /* MLXClauseClassifier.swift */ = {isa = PBXFileReference; lastKnownFileType = sourcecode.swift; path = MLXClauseClassifier.swift; sourceTree = "<group>"; };
		1487AE042F47B27E009460B8 /* Tier2Engine.swift */ = {isa = PBXFileReference; lastKnownFileType = sourcecode.swift; path = Tier2Engine.swift; sourceTree = "<group>"; };
		1487AE052F47B27E009460B8 /* adapter_config.json */ = {isa = PBXFileReference; lastKnownFileType = text.json; path = adapter_config.json; sourceTree = "<group>"; };
		1487AE062F47B27E009460B8 /* adapters.safetensors */ = {isa = PBXFileReference; lastKnownFileType = text; path = adapters.safetensors; sourceTree = "<group>"; };
		1487AE092F47B27E009460B8 /* Tier2EngineHolder.swift */ = {isa = PBXFileReference; lastKnownFileType = sourcecode.swift; path = Tier2EngineHolder.swift; sourceTree = "<group>"; };
		34286CD2DA874541B8E16E36 /* PolicyAnalysisSession.swift */ = {isa = PBXFileReference; lastKnownFileType = sourcecode.swift; path = PolicyAnalysisSession.swift; sourceTree = "<group>"; };
		3F905F1B71EC4592BA52F524 /* Tier3Error.swift */ = {isa = PBXFileReference; lastKnownFileType = sourcecode.swift; path = Tier3Error.swift; sourceTree = "<group>"; };
		6B540AA359285FE6BE364309 /* decodingOppression/Models/PolicyScorer.swift */ = {isa = PBXFileReference; lastKnownFileType = sourcecode.swift; path = decodingOppression/Models/PolicyScorer.swift; sourceTree = "<group>"; };
		8F51FB8F8538602BCE6DEF6E /* decodingOppression/NLP/AnalysisPipeline.swift */ = {isa = PBXFileReference; lastKnownFileType = sourcecode.swift; path = decodingOppression/NLP/AnalysisPipeline.swift; sourceTree = "<group>"; };
		B04D07D06C7E4B939E8B1001 /* ../../voice_pipeline/swift/EpisodeManifest.swift */ = {isa = PBXFileReference; lastKnownFileType = sourcecode.swift; path = ../../voice_pipeline/swift/EpisodeManifest.swift; sourceTree = SOURCE_ROOT; };
		C6B4706C099C4852B2B1E2BB /* Tier3Engine.swift */ = {isa = PBXFileReference; lastKnownFileType = sourcecode.swift; path = Tier3Engine.swift; sourceTree = "<group>"; };
		C89BE94DE48144EC3AFE8A14 /* decodingOppression/NLP/TierResolver.swift */ = {isa = PBXFileReference; lastKnownFileType = sourcecode.swift; path = decodingOppression/NLP/TierResolver.swift; sourceTree = "<group>"; };
		DCB26A02D5DC4B6F91076977 /* HistoricalBaselineTool.swift */ = {isa = PBXFileReference; lastKnownFileType = sourcecode.swift; path = HistoricalBaselineTool.swift; sourceTree = "<group>"; };
		F7EBBA3FBB7D48DBB64A3D5F /* HistoricalPolicies.swift */ = {isa = PBXFileReference; lastKnownFileType = sourcecode.swift; path = HistoricalPolicies.swift; sourceTree = "<group>"; };
		FF60718293A1B2C3D4E5F608 /* decodingOppressionTests/HistoricalPolicyValidationTests.swift */ = {isa = PBXFileReference; lastKnownFileType = sourcecode.swift; path = decodingOppressionTests/HistoricalPolicyValidationTests.swift; sourceTree = SOURCE_ROOT; };
/* End PBXFileReference section */

/* Begin PBXFileSystemSynchronizedBuildFileExceptionSet section */
		1487ADB52F47B280009460B8 /* Exceptions for "decodingOppression" folder in "decodingOppression" target */ = {
			isa = PBXFileSystemSynchronizedBuildFileExceptionSet;
			membershipExceptions = (
				Info.plist,
			);
			target = 1487AD912F47B27E009460B8 /* decodingOppression */;
		};
/* End PBXFileSystemSynchronizedBuildFileExceptionSet section */

/* Begin PBXFileSystemSynchronizedRootGroup section */
		1487AD942F47B27E009460B8 /* decodingOppression */ = {
			isa = PBXFileSystemSynchronizedRootGroup;
			exceptions = (
				1487ADB52F47B280009460B8 /* Exceptions for "decodingOppression" folder in "decodingOppression" target */,
			);
			path = decodingOppression;
			sourceTree = "<group>";
		};
		1487ADA62F47B280009460B8 /* decodingOppressionTests */ = {
			isa = PBXFileSystemSynchronizedRootGroup;
			path = decodingOppressionTests;
			sourceTree = "<group>";
		};
		1487ADB02F47B280009460B8 /* decodingOppressionUITests */ = {
			isa = PBXFileSystemSynchronizedRootGroup;
			path = decodingOppressionUITests;
			sourceTree = "<group>";
		};
/* End PBXFileSystemSynchronizedRootGroup section */

/* Begin PBXFrameworksBuildPhase section */
		1487AD8F2F47B27E009460B8 /* Frameworks */ = {
			isa = PBXFrameworksBuildPhase;
			buildActionMask = 2147483647;
			files = (
				1487ADC22F47B281009460B8 /* MLXLLM in Frameworks */,
				1487ADC32F47B281009460B8 /* MLXEmbedders in Frameworks */,
				1487ADC42F47B281009460B8 /* MLXLMCommon in Frameworks */,
			);
			runOnlyForDeploymentPostprocessing = 0;
		};
		1487ADA02F47B280009460B8 /* Frameworks */ = {
			isa = PBXFrameworksBuildPhase;
			buildActionMask = 2147483647;
			files = (
			);
			runOnlyForDeploymentPostprocessing = 0;
		};
		1487ADAA2F47B280009460B8 /* Frameworks */ = {
			isa = PBXFrameworksBuildPhase;
			buildActionMask = 2147483647;
			files = (
			);
			runOnlyForDeploymentPostprocessing = 0;
		};
/* End PBXFrameworksBuildPhase section */

/* Begin PBXGroup section */
		1487AD892F47B27E009460B8 = {
			isa = PBXGroup;
			children = (
				1487AD942F47B27E009460B8 /* decodingOppression */,
				1487ADA62F47B280009460B8 /* decodingOppressionTests */,
				1487ADB02F47B280009460B8 /* decodingOppressionUITests */,
				1487AD932F47B27E009460B8 /* Products */,
				1487ADE62F4B7ED9009460B8 /* Recovered References */,
			);
			sourceTree = "<group>";
		};
		1487AD932F47B27E009460B8 /* Products */ = {
			isa = PBXGroup;
			children = (
				1487AD922F47B27E009460B8 /* decodingOppression.app */,
				1487ADA32F47B280009460B8 /* decodingOppressionTests.xctest */,
				1487ADAD2F47B280009460B8 /* decodingOppressionUITests.xctest */,
			);
			name = Products;
			sourceTree = "<group>";
		};
		1487ADE62F4B7ED9009460B8 /* Recovered References */ = {
			isa = PBXGroup;
			children = (
				1487AE072F47B27E009460B8 /* decodingOppression/MLX */,
				B662951DFDEA4C00819E5AB0 /* decodingOppression/AI */,
				1487AE082F47B27E009460B8 /* decodingOppression/Resources/Adapters */,
				1487ADE02F47B27E009460B8 /* decodingOppression/ContentView.swift */,
				1487ADE12F47B27E009460B8 /* decodingOppression/decodingOppressionApp.swift */,
				1487ADE22F47B27E009460B8 /* decodingOppression/NLP/ClauseAnalyzer.swift */,
				1487ADE32F47B27E009460B8 /* decodingOppression/NLP/KeywordEngine.swift */,
				1487ADE42F47B27E009460B8 /* decodingOppression/NLP/PDFExtractor.swift */,
				1487ADE52F47B27E009460B8 /* decodingOppression/NLP/TextPreprocessor.swift */,
				1487ADE62F47B27E009460B8 /* decodingOppression/NLP/Tier1Engine.swift */,
				8F51FB8F8538602BCE6DEF6E /* decodingOppression/NLP/AnalysisPipeline.swift */,
				C89BE94DE48144EC3AFE8A14 /* decodingOppression/NLP/TierResolver.swift */,
				1487ADE72F47B27E009460B8 /* decodingOppression/Models/AnalyzedClause.swift */,
				1487ADE82F47B27E009460B8 /* decodingOppression/Models/GenerableTypes.swift */,
				1487ADE92F47B27E009460B8 /* decodingOppression/Models/PipelineContracts.swift */,
				B04D07D06C7E4B939E8B1001 /* ../../voice_pipeline/swift/EpisodeManifest.swift */,
				1487ADEA2F47B27E009460B8 /* decodingOppression/Models/Policy.swift */,
				1487ADEB2F47B27E009460B8 /* decodingOppression/Models/PolicyAnalysis.swift */,
				1487ADEC2F47B27E009460B8 /* decodingOppression/Models/ScoreResult.swift */,
				6B540AA359285FE6BE364309 /* decodingOppression/Models/PolicyScorer.swift */,
				1487ADED2F47B27E009460B8 /* decodingOppression/Data/KeywordTaxonomies.json */,
				1487ADED2F47B27E009460B9 /* decodingOppressionTests/historical_clauses.jsonl */,
				1487ADED2F47B27E009460BB /* decodingOppressionTests/validation_clauses.jsonl */,
				1487ADFD2F47B281009460B8 /* decodingOppression/Assets.xcassets */,
				FF60718293A1B2C3D4E5F608 /* decodingOppressionTests/HistoricalPolicyValidationTests.swift */,
			);
			name = "Recovered References";
			sourceTree = "<group>";
		};
		1487AE072F47B27E009460B8 /* decodingOppression/MLX */ = {
			isa = PBXGroup;
			children = (
				1487AE002F47B27E009460B8 /* MLXError.swift */,
				1487AE012F47B27E009460B8 /* ModelDownloadManager.swift */,
				1487AE022F47B27E009460B8 /* MLXEmbeddingEngine.swift */,
				1487AE032F47B27E009460B8 /* MLXClauseClassifier.swift */,
				1487AE042F47B27E009460B8 /* Tier2Engine.swift */,
				1487AE092F47B27E009460B8 /* Tier2EngineHolder.swift */,
			);
			path = decodingOppression/MLX;
			sourceTree = "<group>";
		};
		1487AE082F47B27E009460B8 /* decodingOppression/Resources/Adapters */ = {
			isa = PBXGroup;
			children = (
				1487AE052F47B27E009460B8 /* adapter_config.json */,
				1487AE062F47B27E009460B8 /* adapters.safetensors */,
			);
			path = decodingOppression/Resources/Adapters;
			sourceTree = "<group>";
		};
		B662951DFDEA4C00819E5AB0 /* decodingOppression/AI */ = {
			isa = PBXGroup;
			children = (
				3F905F1B71EC4592BA52F524 /* Tier3Error.swift */,
				F7EBBA3FBB7D48DBB64A3D5F /* HistoricalPolicies.swift */,
				DCB26A02D5DC4B6F91076977 /* HistoricalBaselineTool.swift */,
				34286CD2DA874541B8E16E36 /* PolicyAnalysisSession.swift */,
				C6B4706C099C4852B2B1E2BB /* Tier3Engine.swift */,
			);
			path = decodingOppression/AI;
			sourceTree = "<group>";
		};
/* End PBXGroup section */

/* Begin PBXNativeTarget section */
		1487AD912F47B27E009460B8 /* decodingOppression */ = {
			isa = PBXNativeTarget;
			buildConfigurationList = 1487ADB62F47B280009460B8 /* Build configuration list for PBXNativeTarget "decodingOppression" */;
			buildPhases = (
				1487AD8E2F47B27E009460B8 /* Sources */,
				1487AD8F2F47B27E009460B8 /* Frameworks */,
				1487AD902F47B27E009460B8 /* Resources */,
			);
			buildRules = (
			);
			dependencies = (
			);
			fileSystemSynchronizedGroups = (
				1487AD942F47B27E009460B8 /* decodingOppression */,
			);
			name = decodingOppression;
			packageProductDependencies = (
				1487ADC52F47B281009460B8 /* MLXLLM */,
				1487ADC62F47B281009460B8 /* MLXEmbedders */,
				1487ADC72F47B281009460B8 /* MLXLMCommon */,
			);
			productName = decodingOppression;
			productReference = 1487AD922F47B27E009460B8 /* decodingOppression.app */;
			productType = "com.apple.product-type.application";
		};
		1487ADA22F47B280009460B8 /* decodingOppressionTests */ = {
			isa = PBXNativeTarget;
			buildConfigurationList = 1487ADBB2F47B280009460B8 /* Build configuration list for PBXNativeTarget "decodingOppressionTests" */;
			buildPhases = (
				1487AD9F2F47B280009460B8 /* Sources */,
				1487ADA02F47B280009460B8 /* Frameworks */,
				1487ADA12F47B280009460B8 /* Resources */,
			);
			buildRules = (
			);
			dependencies = (
				1487ADA52F47B280009460B8 /* PBXTargetDependency */,
			);
			fileSystemSynchronizedGroups = (
				1487ADA62F47B280009460B8 /* decodingOppressionTests */,
			);
			name = decodingOppressionTests;
			packageProductDependencies = (
			);
			productName = decodingOppressionTests;
			productReference = 1487ADA32F47B280009460B8 /* decodingOppressionTests.xctest */;
			productType = "com.apple.product-type.bundle.unit-test";
		};
		1487ADAC2F47B280009460B8 /* decodingOppressionUITests */ = {
			isa = PBXNativeTarget;
			buildConfigurationList = 1487ADBE2F47B280009460B8 /* Build configuration list for PBXNativeTarget "decodingOppressionUITests" */;
			buildPhases = (
				1487ADA92F47B280009460B8 /* Sources */,
				1487ADAA2F47B280009460B8 /* Frameworks */,
				1487ADAB2F47B280009460B8 /* Resources */,
			);
			buildRules = (
			);
			dependencies = (
				1487ADAF2F47B280009460B8 /* PBXTargetDependency */,
			);
			fileSystemSynchronizedGroups = (
				1487ADB02F47B280009460B8 /* decodingOppressionUITests */,
			);
			name = decodingOppressionUITests;
			packageProductDependencies = (
			);
			productName = decodingOppressionUITests;
			productReference = 1487ADAD2F47B280009460B8 /* decodingOppressionUITests.xctest */;
			productType = "com.apple.product-type.bundle.ui-testing";
		};
/* End PBXNativeTarget section */

/* Begin PBXProject section */
		1487AD8A2F47B27E009460B8 /* Project object */ = {
			isa = PBXProject;
			attributes = {
				BuildIndependentTargetsInParallel = 1;
				LastSwiftUpdateCheck = 2630;
				LastUpgradeCheck = 2630;
				TargetAttributes = {
					1487AD912F47B27E009460B8 = {
						CreatedOnToolsVersion = 26.3;
					};
					1487ADA22F47B280009460B8 = {
						CreatedOnToolsVersion = 26.3;
						TestTargetID = 1487AD912F47B27E009460B8;
					};
					1487ADAC2F47B280009460B8 = {
						CreatedOnToolsVersion = 26.3;
						TestTargetID = 1487AD912F47B27E009460B8;
					};
				};
			};
			buildConfigurationList = 1487AD8D2F47B27E009460B8 /* Build configuration list for PBXProject "decodingOppression" */;
			developmentRegion = en;
			hasScannedForEncodings = 0;
			knownRegions = (
				en,
				Base,
			);
			mainGroup = 1487AD892F47B27E009460B8;
			minimizedProjectReferenceProxies = 1;
			packageReferences = (
				1487ADC12F47B281009460B8 /* XCRemoteSwiftPackageReference "mlx-swift-lm" */,
			);
			preferredProjectObjectVersion = 77;
			productRefGroup = 1487AD932F47B27E009460B8 /* Products */;
			projectDirPath = "";
			projectRoot = "";
			targets = (
				1487AD912F47B27E009460B8 /* decodingOppression */,
				1487ADA22F47B280009460B8 /* decodingOppressionTests */,
				1487ADAC2F47B280009460B8 /* decodingOppressionUITests */,
			);
		};
/* End PBXProject section */

/* Begin PBXResourcesBuildPhase section */
		1487AD902F47B27E009460B8 /* Resources */ = {
			isa = PBXResourcesBuildPhase;
			buildActionMask = 2147483647;
			files = (
			);
			runOnlyForDeploymentPostprocessing = 0;
		};
		1487ADA12F47B280009460B8 /* Resources */ = {
			isa = PBXResourcesBuildPhase;
			buildActionMask = 2147483647;
			files = (
				FF60718293A1B2C3D4E5F610 /* decodingOppressionTests/validation_clauses.jsonl in Resources */,
				1487ADED2F47B27E009460BA /* decodingOppressionTests/historical_clauses.jsonl in Resources */,
			);
			runOnlyForDeploymentPostprocessing = 0;
		};
		1487ADAB2F47B280009460B8 /* Resources */ = {
			isa = PBXResourcesBuildPhase;
			buildActionMask = 2147483647;
			files = (
			);
			runOnlyForDeploymentPostprocessing = 0;
		};
/* End PBXResourcesBuildPhase section */

/* Begin PBXSourcesBuildPhase section */
		1487AD8E2F47B27E009460B8 /* Sources */ = {
			isa = PBXSourcesBuildPhase;
			buildActionMask = 2147483647;
			files = (
			);
			runOnlyForDeploymentPostprocessing = 0;
		};
		1487AD9F2F47B280009460B8 /* Sources */ = {
			isa = PBXSourcesBuildPhase;
			buildActionMask = 2147483647;
			files = (
				B04D07D06C7E4B939E8B1002 /* ../../voice_pipeline/swift/EpisodeManifest.swift in Sources */,
				FF60718293A1B2C3D4E5F609 /* decodingOppressionTests/HistoricalPolicyValidationTests.swift in Sources */,
			);
			runOnlyForDeploymentPostprocessing = 0;
		};
		1487ADA92F47B280009460B8 /* Sources */ = {
			isa = PBXSourcesBuildPhase;
			buildActionMask = 2147483647;
			files = (
			);
			runOnlyForDeploymentPostprocessing = 0;
		};
/* End PBXSourcesBuildPhase section */

/* Begin PBXTargetDependency section */
		1487ADA52F47B280009460B8 /* PBXTargetDependency */ = {
			isa = PBXTargetDependency;
			target = 1487AD912F47B27E009460B8 /* decodingOppression */;
			targetProxy = 1487ADA42F47B280009460B8 /* PBXContainerItemProxy */;
		};
		1487ADAF2F47B280009460B8 /* PBXTargetDependency */ = {
			isa = PBXTargetDependency;
			target = 1487AD912F47B27E009460B8 /* decodingOppression */;
			targetProxy = 1487ADAE2F47B280009460B8 /* PBXContainerItemProxy */;
		};
/* End PBXTargetDependency section */

/* Begin XCBuildConfiguration section */
		1487ADB72F47B280009460B8 /* Debug */ = {
			isa = XCBuildConfiguration;
			buildSettings = {
				ASSETCATALOG_COMPILER_APPICON_NAME = AppIcon;
				ASSETCATALOG_COMPILER_GLOBAL_ACCENT_COLOR_NAME = AccentColor;
				CODE_SIGN_STYLE = Automatic;
				CURRENT_PROJECT_VERSION = 1;
				DEVELOPMENT_TEAM = PSSP6VP63G;
				ENABLE_APP_SANDBOX = YES;
				ENABLE_HARDENED_RUNTIME = YES;
				ENABLE_PREVIEWS = YES;
				ENABLE_USER_SELECTED_FILES = readonly;
				GENERATE_INFOPLIST_FILE = YES;
				INFOPLIST_FILE = decodingOppression/Info.plist;
				"INFOPLIST_KEY_UIApplicationSceneManifest_Generation[sdk=iphoneos*]" = YES;
				"INFOPLIST_KEY_UIApplicationSceneManifest_Generation[sdk=iphonesimulator*]" = YES;
				"INFOPLIST_KEY_UIApplicationSupportsIndirectInputEvents[sdk=iphoneos*]" = YES;
				"INFOPLIST_KEY_UIApplicationSupportsIndirectInputEvents[sdk=iphonesimulator*]" = YES;
				"INFOPLIST_KEY_UILaunchScreen_Generation[sdk=iphoneos*]" = YES;
				"INFOPLIST_KEY_UILaunchScreen_Generation[sdk=iphonesimulator*]" = YES;
				"INFOPLIST_KEY_UIStatusBarStyle[sdk=iphoneos*]" = UIStatusBarStyleDefault;
				"INFOPLIST_KEY_UIStatusBarStyle[sdk=iphonesimulator*]" = UIStatusBarStyleDefault;
				INFOPLIST_KEY_UISupportedInterfaceOrientations_iPad = "UIInterfaceOrientationPortrait UIInterfaceOrientationPortraitUpsideDown UIInterfaceOrientationLandscapeLeft UIInterfaceOrientationLandscapeRight";
				INFOPLIST_KEY_UISupportedInterfaceOrientations_iPhone = "UIInterfaceOrientationPortrait UIInterfaceOrientationLandscapeLeft UIInterfaceOrientationLandscapeRight";
				IPHONEOS_DEPLOYMENT_TARGET = 26.2;
				LD_RUNPATH_SEARCH_PATHS = "@executable_path/Frameworks";
				"LD_RUNPATH_SEARCH_PATHS[sdk=macosx*]" = "@executable_path/../Frameworks";
				MACOSX_DEPLOYMENT_TARGET = 26.2;
				MARKETING_VERSION = 1.0;
				PRODUCT_BUNDLE_IDENTIFIER = tech.eocon.decodingOppression;
				PRODUCT_NAME = "$(TARGET_NAME)";
				REGISTER_APP_GROUPS = YES;
				SDKROOT = auto;
				STRING_CATALOG_GENERATE_SYMBOLS = YES;
				SUPPORTED_PLATFORMS = "iphoneos iphonesimulator macosx xros xrsimulator";
				SWIFT_APPROACHABLE_CONCURRENCY = YES;
				SWIFT_DEFAULT_ACTOR_ISOLATION = MainActor;
				SWIFT_EMIT_LOC_STRINGS = YES;
				SWIFT_UPCOMING_FEATURE_MEMBER_IMPORT_VISIBILITY = YES;
				SWIFT_VERSION = 5.10;
				TARGETED_DEVICE_FAMILY = "1,2,7";
				XROS_DEPLOYMENT_TARGET = 26.2;
			};
			name = Debug;
		};
		1487ADB82F47B280009460B8 /* Release */ = {
			isa = XCBuildConfiguration;
			buildSettings = {
				ASSETCATALOG_COMPILER_APPICON_NAME = AppIcon;
				ASSETCATALOG_COMPILER_GLOBAL_ACCENT_COLOR_NAME = AccentColor;
				CODE_SIGN_STYLE = Automatic;
				CURRENT_PROJECT_VERSION = 1;
				DEVELOPMENT_TEAM = PSSP6VP63G;
				ENABLE_APP_SANDBOX = YES;
				ENABLE_HARDENED_RUNTIME = YES;
				ENABLE_PREVIEWS = YES;
				ENABLE_USER_SELECTED_FILES = readonly;
				GENERATE_INFOPLIST_FILE = YES;
				INFOPLIST_FILE = decodingOppression/Info.plist;
				"INFOPLIST_KEY_UIApplicationSceneManifest_Generation[sdk=iphoneos*]" = YES;
				"INFOPLIST_KEY_UIApplicationSceneManifest_Generation[sdk=iphonesimulator*]" = YES;
				"INFOPLIST_KEY_UIApplicationSupportsIndirectInputEvents[sdk=iphoneos*]" = YES;
				"INFOPLIST_KEY_UIApplicationSupportsIndirectInputEvents[sdk=iphonesimulator*]" = YES;
				"INFOPLIST_KEY_UILaunchScreen_Generation[sdk=iphoneos*]" = YES;
				"INFOPLIST_KEY_UILaunchScreen_Generation[sdk=iphonesimulator*]" = YES;
				"INFOPLIST_KEY_UIStatusBarStyle[sdk=iphoneos*]" = UIStatusBarStyleDefault;
				"INFOPLIST_KEY_UIStatusBarStyle[sdk=iphonesimulator*]" = UIStatusBarStyleDefault;
				INFOPLIST_KEY_UISupportedInterfaceOrientations_iPad = "UIInterfaceOrientationPortrait UIInterfaceOrientationPortraitUpsideDown UIInterfaceOrientationLandscapeLeft UIInterfaceOrientationLandscapeRight";
				INFOPLIST_KEY_UISupportedInterfaceOrientations_iPhone = "UIInterfaceOrientationPortrait UIInterfaceOrientationLandscapeLeft UIInterfaceOrientationLandscapeRight";
				IPHONEOS_DEPLOYMENT_TARGET = 26.2;
				LD_RUNPATH_SEARCH_PATHS = "@executable_path/Frameworks";
				"LD_RUNPATH_SEARCH_PATHS[sdk=macosx*]" = "@executable_path/../Frameworks";
				MACOSX_DEPLOYMENT_TARGET = 26.2;
				MARKETING_VERSION = 1.0;
				PRODUCT_BUNDLE_IDENTIFIER = tech.eocon.decodingOppression;
				PRODUCT_NAME = "$(TARGET_NAME)";
				REGISTER_APP_GROUPS = YES;
				SDKROOT = auto;
				STRING_CATALOG_GENERATE_SYMBOLS = YES;
				SUPPORTED_PLATFORMS = "iphoneos iphonesimulator macosx xros xrsimulator";
				SWIFT_APPROACHABLE_CONCURRENCY = YES;
				SWIFT_DEFAULT_ACTOR_ISOLATION = MainActor;
				SWIFT_EMIT_LOC_STRINGS = YES;
				SWIFT_UPCOMING_FEATURE_MEMBER_IMPORT_VISIBILITY = YES;
				SWIFT_VERSION = 5.10;
				TARGETED_DEVICE_FAMILY = "1,2,7";
				XROS_DEPLOYMENT_TARGET = 26.2;
			};
			name = Release;
		};
		1487ADB92F47B280009460B8 /* Debug */ = {
			isa = XCBuildConfiguration;
			buildSettings = {
				ALWAYS_SEARCH_USER_PATHS = NO;
				ASSETCATALOG_COMPILER_GENERATE_SWIFT_ASSET_SYMBOL_EXTENSIONS = YES;
				CLANG_ANALYZER_NONNULL = YES;
				CLANG_ANALYZER_NUMBER_OBJECT_CONVERSION = YES_AGGRESSIVE;
				CLANG_CXX_LANGUAGE_STANDARD = "gnu++20";
				CLANG_ENABLE_MODULES = YES;
				CLANG_ENABLE_OBJC_ARC = YES;
				CLANG_ENABLE_OBJC_WEAK = YES;
				CLANG_WARN_BLOCK_CAPTURE_AUTORELEASING = YES;
				CLANG_WARN_BOOL_CONVERSION = YES;
				CLANG_WARN_COMMA = YES;
				CLANG_WARN_CONSTANT_CONVERSION = YES;
				CLANG_WARN_DEPRECATED_OBJC_IMPLEMENTATIONS = YES;
				CLANG_WARN_DIRECT_OBJC_ISA_USAGE = YES_ERROR;
				CLANG_WARN_DOCUMENTATION_COMMENTS = YES;
				CLANG_WARN_EMPTY_BODY = YES;
				CLANG_WARN_ENUM_CONVERSION = YES;
				CLANG_WARN_INFINITE_RECURSION = YES;
				CLANG_WARN_INT_CONVERSION = YES;
				CLANG_WARN_NON_LITERAL_NULL_CONVERSION = YES;
				CLANG_WARN_OBJC_IMPLICIT_RETAIN_SELF = YES;
				CLANG_WARN_OBJC_LITERAL_CONVERSION = YES;
				CLANG_WARN_OBJC_ROOT_CLASS = YES_ERROR;
				CLANG_WARN_QUOTED_INCLUDE_IN_FRAMEWORK_HEADER = YES;
				CLANG_WARN_RANGE_LOOP_ANALYSIS = YES;
				CLANG_WARN_STRICT_PROTOTYPES = YES;
				CLANG_WARN_SUSPICIOUS_MOVE = YES;
				CLANG_WARN_UNGUARDED_AVAILABILITY = YES_AGGRESSIVE;
				CLANG_WARN_UNREACHABLE_CODE = YES;
				CLANG_WARN__DUPLICATE_METHOD_MATCH = YES;
				COPY_PHASE_STRIP = NO;
				DEBUG_INFORMATION_FORMAT = dwarf;
				DEVELOPMENT_TEAM = PSSP6VP63G;
				ENABLE_STRICT_OBJC_MSGSEND = YES;
				ENABLE_TESTABILITY = YES;
				ENABLE_USER_SCRIPT_SANDBOXING = YES;
				GCC_C_LANGUAGE_STANDARD = gnu17;
				GCC_DYNAMIC_NO_PIC = NO;
				GCC_NO_COMMON_BLOCKS = YES;
				GCC_OPTIMIZATION_LEVEL = 0;
				GCC_PREPROCESSOR_DEFINITIONS = (
					"DEBUG=1",
					"$(inherited)",
				);
				GCC_WARN_64_TO_32_BIT_CONVERSION = YES;
				GCC_WARN_ABOUT_RETURN_TYPE = YES_ERROR;
				GCC_WARN_UNDECLARED_SELECTOR = YES;
				GCC_WARN_UNINITIALIZED_AUTOS = YES_AGGRESSIVE;
				GCC_WARN_UNUSED_FUNCTION = YES;
				GCC_WARN_UNUSED_VARIABLE = YES;
				LOCALIZATION_PREFERS_STRING_CATALOGS = YES;
				MTL_ENABLE_DEBUG_INFO = INCLUDE_SOURCE;
				MTL_FAST_MATH = YES;
				ONLY_ACTIVE_ARCH = YES;
				SWIFT_ACTIVE_COMPILATION_CONDITIONS = "DEBUG $(inherited)";
				SWIFT_OPTIMIZATION_LEVEL = "-Onone";
			};
			name = Debug;
		};
		1487ADBA2F47B280009460B8 /* Release */ = {
			isa = XCBuildConfiguration;
			buildSettings = {
				ALWAYS_SEARCH_USER_PATHS = NO;
				ASSETCATALOG_COMPILER_GENERATE_SWIFT_ASSET_SYMBOL_EXTENSIONS = YES;
				CLANG_ANALYZER_NONNULL = YES;
				CLANG_ANALYZER_NUMBER_OBJECT_CONVERSION = YES_AGGRESSIVE;
				CLANG_CXX_LANGUAGE_STANDARD = "gnu++20";
				CLANG_ENABLE_MODULES = YES;
				CLANG_ENABLE_OBJC_ARC = YES;
				CLANG_ENABLE_OBJC_WEAK = YES;
				CLANG_WARN_BLOCK_CAPTURE_AUTORELEASING = YES;
				CLANG_WARN_BOOL_CONVERSION = YES;
				CLANG_WARN_COMMA = YES;
				CLANG_WARN_CONSTANT_CONVERSION = YES;
				CLANG_WARN_DEPRECATED_OBJC_IMPLEMENTATIONS = YES;
				CLANG_WARN_DIRECT_OBJC_ISA_USAGE = YES_ERROR;
				CLANG_WARN_DOCUMENTATION_COMMENTS = YES;
				CLANG_WARN_EMPTY_BODY = YES;
				CLANG_WARN_ENUM_CONVERSION = YES;
				CLANG_WARN_INFINITE_RECURSION = YES;
				CLANG_WARN_INT_CONVERSION = YES;
				CLANG_WARN_NON_LITERAL_NULL_CONVERSION = YES;
				CLANG_WARN_OBJC_IMPLICIT_RETAIN_SELF = YES;
				CLANG_WARN_OBJC_LITERAL_CONVERSION = YES;
				CLANG_WARN_OBJC_ROOT_CLASS = YES_ERROR;
				CLANG_WARN_QUOTED_INCLUDE_IN_FRAMEWORK_HEADER = YES;
				CLANG_WARN_RANGE_LOOP_ANALYSIS = YES;
				CLANG_WARN_STRICT_PROTOTYPES = YES;
				CLANG_WARN_SUSPICIOUS_MOVE = YES;
				CLANG_WARN_UNGUARDED_AVAILABILITY = YES_AGGRESSIVE;
				CLANG_WARN_UNREACHABLE_CODE = YES;
				CLANG_WARN__DUPLICATE_METHOD_MATCH = YES;
				COPY_PHASE_STRIP = NO;
				DEBUG_INFORMATION_FORMAT = "dwarf-with-dsym";
				DEVELOPMENT_TEAM = PSSP6VP63G;
				ENABLE_NS_ASSERTIONS = NO;
				ENABLE_STRICT_OBJC_MSGSEND = YES;
				ENABLE_USER_SCRIPT_SANDBOXING = YES;
				GCC_C_LANGUAGE_STANDARD = gnu17;
				GCC_NO_COMMON_BLOCKS = YES;
				GCC_WARN_64_TO_32_BIT_CONVERSION = YES;
				GCC_WARN_ABOUT_RETURN_TYPE = YES_ERROR;
				GCC_WARN_UNDECLARED_SELECTOR = YES;
				GCC_WARN_UNINITIALIZED_AUTOS = YES_AGGRESSIVE;
				GCC_WARN_UNUSED_FUNCTION = YES;
				GCC_WARN_UNUSED_VARIABLE = YES;
				LOCALIZATION_PREFERS_STRING_CATALOGS = YES;
				MTL_ENABLE_DEBUG_INFO = NO;
				MTL_FAST_MATH = YES;
				SWIFT_COMPILATION_MODE = wholemodule;
			};
			name = Release;
		};
		1487ADBC2F47B280009460B8 /* Debug */ = {
			isa = XCBuildConfiguration;
			buildSettings = {
				BUNDLE_LOADER = "$(TEST_HOST)";
				CODE_SIGN_STYLE = Automatic;
				CURRENT_PROJECT_VERSION = 1;
				DEVELOPMENT_TEAM = PSSP6VP63G;
				GENERATE_INFOPLIST_FILE = YES;
				IPHONEOS_DEPLOYMENT_TARGET = 26.2;
				MACOSX_DEPLOYMENT_TARGET = 26.2;
				MARKETING_VERSION = 1.0;
				PRODUCT_BUNDLE_IDENTIFIER = tech.eocon.decodingOppressionTests;
				PRODUCT_NAME = "$(TARGET_NAME)";
				SDKROOT = auto;
				STRING_CATALOG_GENERATE_SYMBOLS = NO;
				SUPPORTED_PLATFORMS = "iphoneos iphonesimulator macosx xros xrsimulator";
				SWIFT_APPROACHABLE_CONCURRENCY = YES;
				SWIFT_EMIT_LOC_STRINGS = NO;
				SWIFT_UPCOMING_FEATURE_MEMBER_IMPORT_VISIBILITY = YES;
				SWIFT_VERSION = 5.10;
				TARGETED_DEVICE_FAMILY = "1,2,7";
				TEST_HOST = "$(BUILT_PRODUCTS_DIR)/decodingOppression.app/$(BUNDLE_EXECUTABLE_FOLDER_PATH)/decodingOppression";
				XROS_DEPLOYMENT_TARGET = 26.2;
			};
			name = Debug;
		};
		1487ADBD2F47B280009460B8 /* Release */ = {
			isa = XCBuildConfiguration;
			buildSettings = {
				BUNDLE_LOADER = "$(TEST_HOST)";
				CODE_SIGN_STYLE = Automatic;
				CURRENT_PROJECT_VERSION = 1;
				DEVELOPMENT_TEAM = PSSP6VP63G;
				GENERATE_INFOPLIST_FILE = YES;
				IPHONEOS_DEPLOYMENT_TARGET = 26.2;
				MACOSX_DEPLOYMENT_TARGET = 26.2;
				MARKETING_VERSION = 1.0;
				PRODUCT_BUNDLE_IDENTIFIER = tech.eocon.decodingOppressionTests;
				PRODUCT_NAME = "$(TARGET_NAME)";
				SDKROOT = auto;
				STRING_CATALOG_GENERATE_SYMBOLS = NO;
				SUPPORTED_PLATFORMS = "iphoneos iphonesimulator macosx xros xrsimulator";
				SWIFT_APPROACHABLE_CONCURRENCY = YES;
				SWIFT_EMIT_LOC_STRINGS = NO;
				SWIFT_UPCOMING_FEATURE_MEMBER_IMPORT_VISIBILITY = YES;
				SWIFT_VERSION = 5.10;
				TARGETED_DEVICE_FAMILY = "1,2,7";
				TEST_HOST = "$(BUILT_PRODUCTS_DIR)/decodingOppression.app/$(BUNDLE_EXECUTABLE_FOLDER_PATH)/decodingOppression";
				XROS_DEPLOYMENT_TARGET = 26.2;
			};
			name = Release;
		};
		1487ADBF2F47B280009460B8 /* Debug */ = {
			isa = XCBuildConfiguration;
			buildSettings = {
				CODE_SIGN_STYLE = Automatic;
				CURRENT_PROJECT_VERSION = 1;
				DEVELOPMENT_TEAM = PSSP6VP63G;
				GENERATE_INFOPLIST_FILE = YES;
				IPHONEOS_DEPLOYMENT_TARGET = 26.2;
				MACOSX_DEPLOYMENT_TARGET = 26.2;
				MARKETING_VERSION = 1.0;
				PRODUCT_BUNDLE_IDENTIFIER = tech.eocon.decodingOppressionUITests;
				PRODUCT_NAME = "$(TARGET_NAME)";
				SDKROOT = auto;
				STRING_CATALOG_GENERATE_SYMBOLS = NO;
				SUPPORTED_PLATFORMS = "iphoneos iphonesimulator macosx xros xrsimulator";
				SWIFT_APPROACHABLE_CONCURRENCY = YES;
				SWIFT_EMIT_LOC_STRINGS = NO;
				SWIFT_UPCOMING_FEATURE_MEMBER_IMPORT_VISIBILITY = YES;
				SWIFT_VERSION = 5.10;
				TARGETED_DEVICE_FAMILY = "1,2,7";
				TEST_TARGET_NAME = decodingOppression;
				XROS_DEPLOYMENT_TARGET = 26.2;
			};
			name = Debug;
		};
		1487ADC02F47B280009460B8 /* Release */ = {
			isa = XCBuildConfiguration;
			buildSettings = {
				CODE_SIGN_STYLE = Automatic;
				CURRENT_PROJECT_VERSION = 1;
				DEVELOPMENT_TEAM = PSSP6VP63G;
				GENERATE_INFOPLIST_FILE = YES;
				IPHONEOS_DEPLOYMENT_TARGET = 26.2;
				MACOSX_DEPLOYMENT_TARGET = 26.2;
				MARKETING_VERSION = 1.0;
				PRODUCT_BUNDLE_IDENTIFIER = tech.eocon.decodingOppressionUITests;
				PRODUCT_NAME = "$(TARGET_NAME)";
				SDKROOT = auto;
				STRING_CATALOG_GENERATE_SYMBOLS = NO;
				SUPPORTED_PLATFORMS = "iphoneos iphonesimulator macosx xros xrsimulator";
				SWIFT_APPROACHABLE_CONCURRENCY = YES;
				SWIFT_EMIT_LOC_STRINGS = NO;
				SWIFT_UPCOMING_FEATURE_MEMBER_IMPORT_VISIBILITY = YES;
				SWIFT_VERSION = 5.10;
				TARGETED_DEVICE_FAMILY = "1,2,7";
				TEST_TARGET_NAME = decodingOppression;
				XROS_DEPLOYMENT_TARGET = 26.2;
			};
			name = Release;
		};
/* End XCBuildConfiguration section */

/* Begin XCConfigurationList section */
		1487AD8D2F47B27E009460B8 /* Build configuration list for PBXProject "decodingOppression" */ = {
			isa = XCConfigurationList;
			buildConfigurations = (
				1487ADB92F47B280009460B8 /* Debug */,
				1487ADBA2F47B280009460B8 /* Release */,
			);
			defaultConfigurationIsVisible = 0;
			defaultConfigurationName = Release;
		};
		1487ADB62F47B280009460B8 /* Build configuration list for PBXNativeTarget "decodingOppression" */ = {
			isa = XCConfigurationList;
			buildConfigurations = (
				1487ADB72F47B280009460B8 /* Debug */,
				1487ADB82F47B280009460B8 /* Release */,
			);
			defaultConfigurationIsVisible = 0;
			defaultConfigurationName = Release;
		};
		1487ADBB2F47B280009460B8 /* Build configuration list for PBXNativeTarget "decodingOppressionTests" */ = {
			isa = XCConfigurationList;
			buildConfigurations = (
				1487ADBC2F47B280009460B8 /* Debug */,
				1487ADBD2F47B280009460B8 /* Release */,
			);
			defaultConfigurationIsVisible = 0;
			defaultConfigurationName = Release;
		};
		1487ADBE2F47B280009460B8 /* Build configuration list for PBXNativeTarget "decodingOppressionUITests" */ = {
			isa = XCConfigurationList;
			buildConfigurations = (
				1487ADBF2F47B280009460B8 /* Debug */,
				1487ADC02F47B280009460B8 /* Release */,
			);
			defaultConfigurationIsVisible = 0;
			defaultConfigurationName = Release;
		};
/* End XCConfigurationList section */

/* Begin XCRemoteSwiftPackageReference section */
		1487ADC12F47B281009460B8 /* XCRemoteSwiftPackageReference "mlx-swift-lm" */ = {
			isa = XCRemoteSwiftPackageReference;
			repositoryURL = "https://github.com/ml-explore/mlx-swift-lm";
			requirement = {
				kind = upToNextMinorVersion;
				minimumVersion = 2.29.1;
			};
		};
/* End XCRemoteSwiftPackageReference section */

/* Begin XCSwiftPackageProductDependency section */
		1487ADC52F47B281009460B8 /* MLXLLM */ = {
			isa = XCSwiftPackageProductDependency;
			package = 1487ADC12F47B281009460B8 /* XCRemoteSwiftPackageReference "mlx-swift-lm" */;
			productName = MLXLLM;
		};
		1487ADC62F47B281009460B8 /* MLXEmbedders */ = {
			isa = XCSwiftPackageProductDependency;
			package = 1487ADC12F47B281009460B8 /* XCRemoteSwiftPackageReference "mlx-swift-lm" */;
			productName = MLXEmbedders;
		};
		1487ADC72F47B281009460B8 /* MLXLMCommon */ = {
			isa = XCSwiftPackageProductDependency;
			package = 1487ADC12F47B281009460B8 /* XCRemoteSwiftPackageReference "mlx-swift-lm" */;
			productName = MLXLMCommon;
		};
/* End XCSwiftPackageProductDependency section */
	};
	rootObject = 1487AD8A2F47B27E009460B8 /* Project object */;
}
